
Microsoft Visual Studio Solution File, Format Version 12.00
# Visual Studio Version 16
VisualStudioVersion = 16.0.31321.278
MinimumVisualStudioVersion = 10.0.40219.1
Project("{FAE04EC0-301F-11D3-BF4B-00C04F79EFBC}") = "MvcPersonajesSeries", "MvcPersonajesSeries\MvcPersonajesSeries.csproj", "{3ABB4861-545A-4324-B168-558337EEC1B5}"
EndProject
Global
	GlobalSection(SolutionConfigurationPlatforms) = preSolution
		Debug|Any CPU = Debug|Any CPU
		Release|Any CPU = Release|Any CPU
	EndGlobalSection
	GlobalSection(ProjectConfigurationPlatforms) = postSolution
		{3ABB4861-545A-4324-B168-558337EEC1B5}.Debug|Any CPU.ActiveCfg = Debug|Any CPU
		{3ABB4861-545A-4324-B168-558337EEC1B5}.Debug|Any CPU.Build.0 = Debug|Any CPU
		{3ABB4861-545A-4324-B168-558337EEC1B5}.Release|Any CPU.ActiveCfg = Release|Any CPU
		{3ABB4861-545A-4324-B168-558337EEC1B5}.Release|Any CPU.Build.0 = Release|Any CPU
	EndGlobalSection
	GlobalSection(SolutionProperties) = preSolution
		HideSolutionNode = FALSE
	EndGlobalSection
	GlobalSection(ExtensibilityGlobals) = postSolution
		SolutionGuid = {402183A6-9D6D-4119-90FD-873978210362}
	EndGlobalSection
EndGlobal
